
Microsoft Visual Studio Solution File, Format Version 12.00
# Visual Studio Version 16
VisualStudioVersion = 16.0.30611.23
MinimumVisualStudioVersion = 10.0.40219.1
Project("{FAE04EC0-301F-11D3-BF4B-00C04F79EFBC}") = "Client_Rama Soni Ravictor_20180140103", "ServerdanClient_Rama Soni Ravictor_20180140103\Client_Rama Soni Ravictor_20180140103.csproj", "{B76D0B21-90F5-497C-B8D1-2E8ADA4770EB}"
EndProject
Project("{FAE04EC0-301F-11D3-BF4B-00C04F79EFBC}") = "Server_Rama Soni Ravictor_20180140103", "Server_Rama Soni Ravictor_20180140103\Server_Rama Soni Ravictor_20180140103.csproj", "{E2791674-863A-46B5-94B6-45C1D6CF38FC}"
EndProject
Global
	GlobalSection(SolutionConfigurationPlatforms) = preSolution
		Debug|Any CPU = Debug|Any CPU
		Release|Any CPU = Release|Any CPU
	EndGlobalSection
	GlobalSection(ProjectConfigurationPlatforms) = postSolution
		{B76D0B21-90F5-497C-B8D1-2E8ADA4770EB}.Debug|Any CPU.ActiveCfg = Debug|Any CPU
		{B76D0B21-90F5-497C-B8D1-2E8ADA4770EB}.Debug|Any CPU.Build.0 = Debug|Any CPU
		{B76D0B21-90F5-497C-B8D1-2E8ADA4770EB}.Release|Any CPU.ActiveCfg = Release|Any CPU
		{B76D0B21-90F5-497C-B8D1-2E8ADA4770EB}.Release|Any CPU.Build.0 = Release|Any CPU
		{E2791674-863A-46B5-94B6-45C1D6CF38FC}.Debug|Any CPU.ActiveCfg = Debug|Any CPU
		{E2791674-863A-46B5-94B6-45C1D6CF38FC}.Debug|Any CPU.Build.0 = Debug|Any CPU
		{E2791674-863A-46B5-94B6-45C1D6CF38FC}.Release|Any CPU.ActiveCfg = Release|Any CPU
		{E2791674-863A-46B5-94B6-45C1D6CF38FC}.Release|Any CPU.Build.0 = Release|Any CPU
	EndGlobalSection
	GlobalSection(SolutionProperties) = preSolution
		HideSolutionNode = FALSE
	EndGlobalSection
	GlobalSection(ExtensibilityGlobals) = postSolution
		SolutionGuid = {FADFFE14-3085-4238-B9F2-7DDBAF0FF1F3}
	EndGlobalSection
EndGlobal
